
Microsoft Visual Studio Solution File, Format Version 12.00
# Visual Studio Version 17
VisualStudioVersion = 17.5.002.0
MinimumVisualStudioVersion = 10.0.40219.1
Project("{2150E333-8FDC-42A3-9474-1A3956D46DE8}") = "prepare", "prepare", "{85672C8A-67F7-43D1-995D-685DFD058F5D}"
EndProject
Project("{9A19103F-16F7-4668-BE54-9A1E7A4F7556}") = "Learning02", "prepare\Learning02\Learning02.csproj", "{4977249B-D4A4-4413-AC4D-24E7FE683B06}"
EndProject
Project("{9A19103F-16F7-4668-BE54-9A1E7A4F7556}") = "Learning05", "prepare\Learning05\Learning05.csproj", "{9DC13F23-3C6E-4E7C-94FE-E3EC58D19F2F}"
EndProject
Project("{9A19103F-16F7-4668-BE54-9A1E7A4F7556}") = "Learning04", "prepare\Learning04\Learning04.csproj", "{BE775D97-428A-4619-A9C0-E46C473642AE}"
EndProject
Project("{9A19103F-16F7-4668-BE54-9A1E7A4F7556}") = "Learning03", "prepare\Learning03\Learning03.csproj", "{EFB86740-0FDE-4653-BDFC-4DB54853E95C}"
EndProject
Project("{2150E333-8FDC-42A3-9474-1A3956D46DE8}") = "prove", "prove", "{063612E1-7477-49F4-8F95-9FDB21034D7C}"
EndProject
Project("{9A19103F-16F7-4668-BE54-9A1E7A4F7556}") = "Develop03", "prove\Develop03\Develop03.csproj", "{F596B864-2CD1-43C7-86EE-1C481DD00A6D}"
EndProject
Project("{9A19103F-16F7-4668-BE54-9A1E7A4F7556}") = "Develop04", "prove\Develop04\Develop04.csproj", "{50AFCC73-64CC-4624-9D78-FC7207B9CDDA}"
EndProject
Project("{9A19103F-16F7-4668-BE54-9A1E7A4F7556}") = "Develop05", "prove\Develop05\Develop05.csproj", "{6891DA21-9B93-40DF-A54D-E0030AC6077F}"
EndProject
Project("{9A19103F-16F7-4668-BE54-9A1E7A4F7556}") = "Develop02", "prove\Develop02\Develop02.csproj", "{F39900B3-5ADF-4989-B116-783213DFB32E}"
EndProject
Project("{2150E333-8FDC-42A3-9474-1A3956D46DE8}") = "sandbox", "sandbox", "{DAF87908-D3BB-4CD7-A50A-34A970B7816A}"
EndProject
Project("{9A19103F-16F7-4668-BE54-9A1E7A4F7556}") = "Sandbox", "sandbox\Sandbox\Sandbox.csproj", "{6A565682-8491-443F-8338-6BCFBE487111}"
EndProject
Project("{2150E333-8FDC-42A3-9474-1A3956D46DE8}") = "final", "final", "{0ED861BF-0B9B-4DD4-98C7-C4BBCA4439A9}"
EndProject
Project("{9A19103F-16F7-4668-BE54-9A1E7A4F7556}") = "FinalProject", "final\FinalProject\FinalProject.csproj", "{18F62116-7A1E-4482-9292-C1FF707BF121}"
EndProject
Project("{9A19103F-16F7-4668-BE54-9A1E7A4F7556}") = "Foundation1", "final\Foundation1\Foundation1.csproj", "{BD0A0C91-4D07-4D4E-8E48-673ED0300A6D}"
EndProject
Project("{9A19103F-16F7-4668-BE54-9A1E7A4F7556}") = "Foundation4", "final\Foundation4\Foundation4.csproj", "{3B78015C-E9F8-4055-8C1F-A2F1DA6A76CF}"
EndProject
Project("{9A19103F-16F7-4668-BE54-9A1E7A4F7556}") = "Foundation3", "final\Foundation3\Foundation3.csproj", "{88425588-B8D1-44BC-95C9-B81A29982A94}"
EndProject
Project("{9A19103F-16F7-4668-BE54-9A1E7A4F7556}") = "Foundation2", "final\Foundation2\Foundation2.csproj", "{64FCA91D-FDF9-4B6C-8158-0964D64B48EA}"
EndProject
Project("{2150E333-8FDC-42A3-9474-1A3956D46DE8}") = "csharp-prep", "csharp-prep", "{F0F0F8FC-ACE9-4B12-9591-95ECDE2AD7A8}"
EndProject
Project("{9A19103F-16F7-4668-BE54-9A1E7A4F7556}") = "Prep1", "csharp-prep\Prep1\Prep1.csproj", "{94044D05-59B7-444C-B1DC-B3DFD66A26B3}"
EndProject
Project("{9A19103F-16F7-4668-BE54-9A1E7A4F7556}") = "Prep5", "csharp-prep\Prep5\Prep5.csproj", "{75D659FF-45FF-44E2-9FFD-BB728DCF6998}"
EndProject
Project("{9A19103F-16F7-4668-BE54-9A1E7A4F7556}") = "Prep2", "csharp-prep\Prep2\Prep2.csproj", "{7ABECE7A-ED39-4070-A61B-BB422D414505}"
EndProject
Project("{9A19103F-16F7-4668-BE54-9A1E7A4F7556}") = "Prep3", "csharp-prep\Prep3\Prep3.csproj", "{B8534018-8F8C-446C-88CA-4DF53E2FBBE6}"
EndProject
Project("{9A19103F-16F7-4668-BE54-9A1E7A4F7556}") = "Prep4", "csharp-prep\Prep4\Prep4.csproj", "{5D99E4DF-0F4A-44A1-9A65-3EB539634020}"
EndProject
Global
	GlobalSection(SolutionConfigurationPlatforms) = preSolution
		Debug|Any CPU = Debug|Any CPU
		Release|Any CPU = Release|Any CPU
	EndGlobalSection
	GlobalSection(ProjectConfigurationPlatforms) = postSolution
		{4977249B-D4A4-4413-AC4D-24E7FE683B06}.Debug|Any CPU.ActiveCfg = Debug|Any CPU
		{4977249B-D4A4-4413-AC4D-24E7FE683B06}.Debug|Any CPU.Build.0 = Debug|Any CPU
		{4977249B-D4A4-4413-AC4D-24E7FE683B06}.Release|Any CPU.ActiveCfg = Release|Any CPU
		{4977249B-D4A4-4413-AC4D-24E7FE683B06}.Release|Any CPU.Build.0 = Release|Any CPU
		{9DC13F23-3C6E-4E7C-94FE-E3EC58D19F2F}.Debug|Any CPU.ActiveCfg = Debug|Any CPU
		{9DC13F23-3C6E-4E7C-94FE-E3EC58D19F2F}.Debug|Any CPU.Build.0 = Debug|Any CPU
		{9DC13F23-3C6E-4E7C-94FE-E3EC58D19F2F}.Release|Any CPU.ActiveCfg = Release|Any CPU
		{9DC13F23-3C6E-4E7C-94FE-E3EC58D19F2F}.Release|Any CPU.Build.0 = Release|Any CPU
		{BE775D97-428A-4619-A9C0-E46C473642AE}.Debug|Any CPU.ActiveCfg = Debug|Any CPU
		{BE775D97-428A-4619-A9C0-E46C473642AE}.Debug|Any CPU.Build.0 = Debug|Any CPU
		{BE775D97-428A-4619-A9C0-E46C473642AE}.Release|Any CPU.ActiveCfg = Release|Any CPU
		{BE775D97-428A-4619-A9C0-E46C473642AE}.Release|Any CPU.Build.0 = Release|Any CPU
		{EFB86740-0FDE-4653-BDFC-4DB54853E95C}.Debug|Any CPU.ActiveCfg = Debug|Any CPU
		{EFB86740-0FDE-4653-BDFC-4DB54853E95C}.Debug|Any CPU.Build.0 = Debug|Any CPU
		{EFB86740-0FDE-4653-BDFC-4DB54853E95C}.Release|Any CPU.ActiveCfg = Release|Any CPU
		{EFB86740-0FDE-4653-BDFC-4DB54853E95C}.Release|Any CPU.Build.0 = Release|Any CPU
		{F596B864-2CD1-43C7-86EE-1C481DD00A6D}.Debug|Any CPU.ActiveCfg = Debug|Any CPU
		{F596B864-2CD1-43C7-86EE-1C481DD00A6D}.Debug|Any CPU.Build.0 = Debug|Any CPU
		{F596B864-2CD1-43C7-86EE-1C481DD00A6D}.Release|Any CPU.ActiveCfg = Release|Any CPU
		{F596B864-2CD1-43C7-86EE-1C481DD00A6D}.Release|Any CPU.Build.0 = Release|Any CPU
		{50AFCC73-64CC-4624-9D78-FC7207B9CDDA}.Debug|Any CPU.ActiveCfg = Debug|Any CPU
		{50AFCC73-64CC-4624-9D78-FC7207B9CDDA}.Debug|Any CPU.Build.0 = Debug|Any CPU
		{50AFCC73-64CC-4624-9D78-FC7207B9CDDA}.Release|Any CPU.ActiveCfg = Release|Any CPU
		{50AFCC73-64CC-4624-9D78-FC7207B9CDDA}.Release|Any CPU.Build.0 = Release|Any CPU
		{6891DA21-9B93-40DF-A54D-E0030AC6077F}.Debug|Any CPU.ActiveCfg = Debug|Any CPU
		{6891DA21-9B93-40DF-A54D-E0030AC6077F}.Debug|Any CPU.Build.0 = Debug|Any CPU
		{6891DA21-9B93-40DF-A54D-E0030AC6077F}.Release|Any CPU.ActiveCfg = Release|Any CPU
		{6891DA21-9B93-40DF-A54D-E0030AC6077F}.Release|Any CPU.Build.0 = Release|Any CPU
		{F39900B3-5ADF-4989-B116-783213DFB32E}.Debug|Any CPU.ActiveCfg = Debug|Any CPU
		{F39900B3-5ADF-4989-B116-783213DFB32E}.Debug|Any CPU.Build.0 = Debug|Any CPU
		{F39900B3-5ADF-4989-B116-783213DFB32E}.Release|Any CPU.ActiveCfg = Release|Any CPU
		{F39900B3-5ADF-4989-B116-783213DFB32E}.Release|Any CPU.Build.0 = Release|Any CPU
		{6A565682-8491-443F-8338-6BCFBE487111}.Debug|Any CPU.ActiveCfg = Debug|Any CPU
		{6A565682-8491-443F-8338-6BCFBE487111}.Debug|Any CPU.Build.0 = Debug|Any CPU
		{6A565682-8491-443F-8338-6BCFBE487111}.Release|Any CPU.ActiveCfg = Release|Any CPU
		{6A565682-8491-443F-8338-6BCFBE487111}.Release|Any CPU.Build.0 = Release|Any CPU
		{18F62116-7A1E-4482-9292-C1FF707BF121}.Debug|Any CPU.ActiveCfg = Debug|Any CPU
		{18F62116-7A1E-4482-9292-C1FF707BF121}.Debug|Any CPU.Build.0 = Debug|Any CPU
		{18F62116-7A1E-4482-9292-C1FF707BF121}.Release|Any CPU.ActiveCfg = Release|Any CPU
		{18F62116-7A1E-4482-9292-C1FF707BF121}.Release|Any CPU.Build.0 = Release|Any CPU
		{BD0A0C91-4D07-4D4E-8E48-673ED0300A6D}.Debug|Any CPU.ActiveCfg = Debug|Any CPU
		{BD0A0C91-4D07-4D4E-8E48-673ED0300A6D}.Debug|Any CPU.Build.0 = Debug|Any CPU
		{BD0A0C91-4D07-4D4E-8E48-673ED0300A6D}.Release|Any CPU.ActiveCfg = Release|Any CPU
		{BD0A0C91-4D07-4D4E-8E48-673ED0300A6D}.Release|Any CPU.Build.0 = Release|Any CPU
		{3B78015C-E9F8-4055-8C1F-A2F1DA6A76CF}.Debug|Any CPU.ActiveCfg = Debug|Any CPU
		{3B78015C-E9F8-4055-8C1F-A2F1DA6A76CF}.Debug|Any CPU.Build.0 = Debug|Any CPU
		{3B78015C-E9F8-4055-8C1F-A2F1DA6A76CF}.Release|Any CPU.ActiveCfg = Release|Any CPU
		{3B78015C-E9F8-4055-8C1F-A2F1DA6A76CF}.Release|Any CPU.Build.0 = Release|Any CPU
		{88425588-B8D1-44BC-95C9-B81A29982A94}.Debug|Any CPU.ActiveCfg = Debug|Any CPU
		{88425588-B8D1-44BC-95C9-B81A29982A94}.Debug|Any CPU.Build.0 = Debug|Any CPU
		{88425588-B8D1-44BC-95C9-B81A29982A94}.Release|Any CPU.ActiveCfg = Release|Any CPU
		{88425588-B8D1-44BC-95C9-B81A29982A94}.Release|Any CPU.Build.0 = Release|Any CPU
		{64FCA91D-FDF9-4B6C-8158-0964D64B48EA}.Debug|Any CPU.ActiveCfg = Debug|Any CPU
		{64FCA91D-FDF9-4B6C-8158-0964D64B48EA}.Debug|Any CPU.Build.0 = Debug|Any CPU
		{64FCA91D-FDF9-4B6C-8158-0964D64B48EA}.Release|Any CPU.ActiveCfg = Release|Any CPU
		{64FCA91D-FDF9-4B6C-8158-0964D64B48EA}.Release|Any CPU.Build.0 = Release|Any CPU
		{94044D05-59B7-444C-B1DC-B3DFD66A26B3}.Debug|Any CPU.ActiveCfg = Debug|Any CPU
		{94044D05-59B7-444C-B1DC-B3DFD66A26B3}.Debug|Any CPU.Build.0 = Debug|Any CPU
		{94044D05-59B7-444C-B1DC-B3DFD66A26B3}.Release|Any CPU.ActiveCfg = Release|Any CPU
		{94044D05-59B7-444C-B1DC-B3DFD66A26B3}.Release|Any CPU.Build.0 = Release|Any CPU
		{75D659FF-45FF-44E2-9FFD-BB728DCF6998}.Debug|Any CPU.ActiveCfg = Debug|Any CPU
		{75D659FF-45FF-44E2-9FFD-BB728DCF6998}.Debug|Any CPU.Build.0 = Debug|Any CPU
		{75D659FF-45FF-44E2-9FFD-BB728DCF6998}.Release|Any CPU.ActiveCfg = Release|Any CPU
		{75D659FF-45FF-44E2-9FFD-BB728DCF6998}.Release|Any CPU.Build.0 = Release|Any CPU
		{7ABECE7A-ED39-4070-A61B-BB422D414505}.Debug|Any CPU.ActiveCfg = Debug|Any CPU
		{7ABECE7A-ED39-4070-A61B-BB422D414505}.Debug|Any CPU.Build.0 = Debug|Any CPU
		{7ABECE7A-ED39-4070-A61B-BB422D414505}.Release|Any CPU.ActiveCfg = Release|Any CPU
		{7ABECE7A-ED39-4070-A61B-BB422D414505}.Release|Any CPU.Build.0 = Release|Any CPU
		{B8534018-8F8C-446C-88CA-4DF53E2FBBE6}.Debug|Any CPU.ActiveCfg = Debug|Any CPU
		{B8534018-8F8C-446C-88CA-4DF53E2FBBE6}.Debug|Any CPU.Build.0 = Debug|Any CPU
		{B8534018-8F8C-446C-88CA-4DF53E2FBBE6}.Release|Any CPU.ActiveCfg = Release|Any CPU
		{B8534018-8F8C-446C-88CA-4DF53E2FBBE6}.Release|Any CPU.Build.0 = Release|Any CPU
		{5D99E4DF-0F4A-44A1-9A65-3EB539634020}.Debug|Any CPU.ActiveCfg = Debug|Any CPU
		{5D99E4DF-0F4A-44A1-9A65-3EB539634020}.Debug|Any CPU.Build.0 = Debug|Any CPU
		{5D99E4DF-0F4A-44A1-9A65-3EB539634020}.Release|Any CPU.ActiveCfg = Release|Any CPU
		{5D99E4DF-0F4A-44A1-9A65-3EB539634020}.Release|Any CPU.Build.0 = Release|Any CPU
	EndGlobalSection
	GlobalSection(SolutionProperties) = preSolution
		HideSolutionNode = FALSE
	EndGlobalSection
	GlobalSection(NestedProjects) = preSolution
		{4977249B-D4A4-4413-AC4D-24E7FE683B06} = {85672C8A-67F7-43D1-995D-685DFD058F5D}
		{9DC13F23-3C6E-4E7C-94FE-E3EC58D19F2F} = {85672C8A-67F7-43D1-995D-685DFD058F5D}
		{BE775D97-428A-4619-A9C0-E46C473642AE} = {85672C8A-67F7-43D1-995D-685DFD058F5D}
		{EFB86740-0FDE-4653-BDFC-4DB54853E95C} = {85672C8A-67F7-43D1-995D-685DFD058F5D}
		{F596B864-2CD1-43C7-86EE-1C481DD00A6D} = {063612E1-7477-49F4-8F95-9FDB21034D7C}
		{50AFCC73-64CC-4624-9D78-FC7207B9CDDA} = {063612E1-7477-49F4-8F95-9FDB21034D7C}
		{6891DA21-9B93-40DF-A54D-E0030AC6077F} = {063612E1-7477-49F4-8F95-9FDB21034D7C}
		{F39900B3-5ADF-4989-B116-783213DFB32E} = {063612E1-7477-49F4-8F95-9FDB21034D7C}
		{6A565682-8491-443F-8338-6BCFBE487111} = {DAF87908-D3BB-4CD7-A50A-34A970B7816A}
		{18F62116-7A1E-4482-9292-C1FF707BF121} = {0ED861BF-0B9B-4DD4-98C7-C4BBCA4439A9}
		{BD0A0C91-4D07-4D4E-8E48-673ED0300A6D} = {0ED861BF-0B9B-4DD4-98C7-C4BBCA4439A9}
		{3B78015C-E9F8-4055-8C1F-A2F1DA6A76CF} = {0ED861BF-0B9B-4DD4-98C7-C4BBCA4439A9}
		{88425588-B8D1-44BC-95C9-B81A29982A94} = {0ED861BF-0B9B-4DD4-98C7-C4BBCA4439A9}
		{64FCA91D-FDF9-4B6C-8158-0964D64B48EA} = {0ED861BF-0B9B-4DD4-98C7-C4BBCA4439A9}
		{94044D05-59B7-444C-B1DC-B3DFD66A26B3} = {F0F0F8FC-ACE9-4B12-9591-95ECDE2AD7A8}
		{75D659FF-45FF-44E2-9FFD-BB728DCF6998} = {F0F0F8FC-ACE9-4B12-9591-95ECDE2AD7A8}
		{7ABECE7A-ED39-4070-A61B-BB422D414505} = {F0F0F8FC-ACE9-4B12-9591-95ECDE2AD7A8}
		{B8534018-8F8C-446C-88CA-4DF53E2FBBE6} = {F0F0F8FC-ACE9-4B12-9591-95ECDE2AD7A8}
		{5D99E4DF-0F4A-44A1-9A65-3EB539634020} = {F0F0F8FC-ACE9-4B12-9591-95ECDE2AD7A8}
	EndGlobalSection
	GlobalSection(ExtensibilityGlobals) = postSolution
		SolutionGuid = {AF2AACEC-6711-48EE-9B98-B410A6F35290}
	EndGlobalSection
EndGlobal
